{
  "name": "Simple Currency Converter",
  "lockfileVersion": 2,
  "requires": true,
  "packages": {
    "": {
      "dependencies": {
        "readline-sync": "^1.4.10",
        "sync-input": "https://github.com/hyperskill/sync-input/archive/v1.tar.gz"
      }
    },
    "node_modules/readline-sync": {
      "version": "1.4.10",
      "resolved": "https://registry.npmjs.org/readline-sync/-/readline-sync-1.4.10.tgz",
      "integrity": "sha512-gNva8/6UAe8QYepIQH/jQ2qn91Qj0B9sYjMBBs3QOB8F2CXcKgLxQaJRP76sWVRQt+QU+8fAkCbCvjjMFu7Ycw==",
      "engines": {
        "node": ">= 0.8.0"
      }
    },
    "node_modules/sync-input": {
      "version": "1.0.0",
      "resolved": "https://github.com/hyperskill/sync-input/archive/v1.tar.gz",
      "integrity": "sha512-ohVdaqkG9oTGuMN43tckpPml/kXh+REAuJKmEg8w3a/kmGH9QqxNGyOsWelk7yCuWxhIynKaP8O6K39d6SaMTw=="
    }
  },
  "dependencies": {
    "readline-sync": {
      "version": "1.4.10",
      "resolved": "https://registry.npmjs.org/readline-sync/-/readline-sync-1.4.10.tgz",
      "integrity": "sha512-gNva8/6UAe8QYepIQH/jQ2qn91Qj0B9sYjMBBs3QOB8F2CXcKgLxQaJRP76sWVRQt+QU+8fAkCbCvjjMFu7Ycw=="
    },
    "sync-input": {
      "version": "https://github.com/hyperskill/sync-input/archive/v1.tar.gz",
      "integrity": "sha512-ohVdaqkG9oTGuMN43tckpPml/kXh+REAuJKmEg8w3a/kmGH9QqxNGyOsWelk7yCuWxhIynKaP8O6K39d6SaMTw=="
    }
  }
}
